
Microsoft Visual Studio Solution File, Format Version 12.00
# Visual Studio Version 17
VisualStudioVersion = 17.14.36408.4 d17.14
MinimumVisualStudioVersion = 10.0.40219.1
Project("{FAE04EC0-301F-11D3-BF4B-00C04F79EFBC}") = "AespaRegistration", "AespaRegistration\AespaRegistration.csproj", "{071979F4-16C7-4B2A-9578-ED5D166D2166}"
EndProject
Global
	GlobalSection(SolutionConfigurationPlatforms) = preSolution
		Debug|Any CPU = Debug|Any CPU
		Release|Any CPU = Release|Any CPU
	EndGlobalSection
	GlobalSection(ProjectConfigurationPlatforms) = postSolution
		{071979F4-16C7-4B2A-9578-ED5D166D2166}.Debug|Any CPU.ActiveCfg = Debug|Any CPU
		{071979F4-16C7-4B2A-9578-ED5D166D2166}.Debug|Any CPU.Build.0 = Debug|Any CPU
		{071979F4-16C7-4B2A-9578-ED5D166D2166}.Release|Any CPU.ActiveCfg = Release|Any CPU
		{071979F4-16C7-4B2A-9578-ED5D166D2166}.Release|Any CPU.Build.0 = Release|Any CPU
	EndGlobalSection
	GlobalSection(SolutionProperties) = preSolution
		HideSolutionNode = FALSE
	EndGlobalSection
	GlobalSection(ExtensibilityGlobals) = postSolution
		SolutionGuid = {3FC77121-CCFC-40FA-8725-5924211ED337}
	EndGlobalSection
EndGlobal
